{
  "name": "pharmacy-order",
  "version": "1.0.0",
  "lockfileVersion": 2,
  "requires": true,
  "packages": {
    "": {
      "version": "1.0.0",
      "license": "ISC",
      "dependencies": {
        "animate.css": "^4.1.1",
        "normalize.css": "^8.0.1",
        "pp-drawer.js": "^1.0.6",
        "pp-router.js": "^1.0.6"
      }
    },
    "node_modules/animate.css": {
      "version": "4.1.1",
      "resolved": "https://registry.npmjs.org/animate.css/-/animate.css-4.1.1.tgz",
      "integrity": "sha512-+mRmCTv6SbCmtYJCN4faJMNFVNN5EuCTTprDTAo7YzIGji2KADmakjVA3+8mVDkZ2Bf09vayB35lSQIex2+QaQ=="
    },
    "node_modules/normalize.css": {
      "version": "8.0.1",
      "resolved": "https://registry.npmjs.org/normalize.css/-/normalize.css-8.0.1.tgz",
      "integrity": "sha512-qizSNPO93t1YUuUhP22btGOo3chcvDFqFaj2TRybP0DMxkHOCTYwp3n34fel4a31ORXy4m1Xq0Gyqpb5m33qIg=="
    },
    "node_modules/pp-drawer.js": {
      "version": "1.0.6",
      "resolved": "https://registry.npmjs.org/pp-drawer.js/-/pp-drawer.js-1.0.6.tgz",
      "integrity": "sha512-vAtxHegOVrJYGyqkz4uVsTdrn9/CODZeLZ2/Q4fWSwuLdsvb9Y9HWYIIlpV642sNEKNtOJdQzCwOtnu4XMiGqQ=="
    },
    "node_modules/pp-router.js": {
      "version": "1.0.6",
      "resolved": "https://registry.npmjs.org/pp-router.js/-/pp-router.js-1.0.6.tgz",
      "integrity": "sha512-nyZlgiyK89MbfygqG2fHbAOFW/OekYixN6Ae0ACJzhWAVTQ1y2SgLHoEN4ks3qPv451VRy6QhlT50d7cyC6H0w=="
    }
  },
  "dependencies": {
    "animate.css": {
      "version": "4.1.1",
      "resolved": "https://registry.npmjs.org/animate.css/-/animate.css-4.1.1.tgz",
      "integrity": "sha512-+mRmCTv6SbCmtYJCN4faJMNFVNN5EuCTTprDTAo7YzIGji2KADmakjVA3+8mVDkZ2Bf09vayB35lSQIex2+QaQ=="
    },
    "normalize.css": {
      "version": "8.0.1",
      "resolved": "https://registry.npmjs.org/normalize.css/-/normalize.css-8.0.1.tgz",
      "integrity": "sha512-qizSNPO93t1YUuUhP22btGOo3chcvDFqFaj2TRybP0DMxkHOCTYwp3n34fel4a31ORXy4m1Xq0Gyqpb5m33qIg=="
    },
    "pp-drawer.js": {
      "version": "1.0.6",
      "resolved": "https://registry.npmjs.org/pp-drawer.js/-/pp-drawer.js-1.0.6.tgz",
      "integrity": "sha512-vAtxHegOVrJYGyqkz4uVsTdrn9/CODZeLZ2/Q4fWSwuLdsvb9Y9HWYIIlpV642sNEKNtOJdQzCwOtnu4XMiGqQ=="
    },
    "pp-router.js": {
      "version": "1.0.6",
      "resolved": "https://registry.npmjs.org/pp-router.js/-/pp-router.js-1.0.6.tgz",
      "integrity": "sha512-nyZlgiyK89MbfygqG2fHbAOFW/OekYixN6Ae0ACJzhWAVTQ1y2SgLHoEN4ks3qPv451VRy6QhlT50d7cyC6H0w=="
    }
  }
}
